Microsoft Visual Studio Solution File, Format Version 12.00
# Visual Studio Version 17
VisualStudioVersion = 17.0.31903.59
MinimumVisualStudioVersion = 10.0.40219.1
Project("{FAE04EC0-301F-11D3-BF4B-00C04F79EFBC}") = "Librarian.Core", "Librarian.Core\Librarian.Core.csproj", "{A1B2C3D4-E5F6-7890-ABCD-123456789012}"
EndProject
Project("{FAE04EC0-301F-11D3-BF4B-00C04F79EFBC}") = "FileCrawler", "FileCrawler\FileCrawler.csproj", "{278584EB-54DC-43C9-8F78-C79D076BC676}"
EndProject
Project("{FAE04EC0-301F-11D3-BF4B-00C04F79EFBC}") = "Librarian.Service", "Librarian.Service\Librarian.Service.csproj", "{D631B005-3D5E-475E-B4A9-2291F6D87FC1}"
EndProject
Project("{FAE04EC0-301F-11D3-BF4B-00C04F79EFBC}") = "Librarian.Scheduler", "Librarian.Scheduler\Librarian.Scheduler.csproj", "{42F38A44-C70E-4333-A629-C5370F9E5467}"
EndProject
Project("{FAE04EC0-301F-11D3-BF4B-00C04F79EFBC}") = "Librarian.FileViewer", "Librarian.FileViewer\Librarian.FileViewer.csproj", "{0FA8A21F-B568-6B8C-5A08-537011664BE1}"
EndProject
Global
	GlobalSection(SolutionConfigurationPlatforms) = preSolution
		Debug|Any CPU = Debug|Any CPU
		Release|Any CPU = Release|Any CPU
	EndGlobalSection
	GlobalSection(ProjectConfigurationPlatforms) = postSolution
		{A1B2C3D4-E5F6-7890-ABCD-123456789012}.Debug|Any CPU.ActiveCfg = Debug|Any CPU
		{A1B2C3D4-E5F6-7890-ABCD-123456789012}.Debug|Any CPU.Build.0 = Debug|Any CPU
		{A1B2C3D4-E5F6-7890-ABCD-123456789012}.Release|Any CPU.ActiveCfg = Release|Any CPU
		{A1B2C3D4-E5F6-7890-ABCD-123456789012}.Release|Any CPU.Build.0 = Release|Any CPU
		{278584EB-54DC-43C9-8F78-C79D076BC676}.Debug|Any CPU.ActiveCfg = Debug|Any CPU
		{278584EB-54DC-43C9-8F78-C79D076BC676}.Debug|Any CPU.Build.0 = Debug|Any CPU
		{278584EB-54DC-43C9-8F78-C79D076BC676}.Release|Any CPU.ActiveCfg = Release|Any CPU
		{278584EB-54DC-43C9-8F78-C79D076BC676}.Release|Any CPU.Build.0 = Release|Any CPU
		{D631B005-3D5E-475E-B4A9-2291F6D87FC1}.Debug|Any CPU.ActiveCfg = Debug|Any CPU
		{D631B005-3D5E-475E-B4A9-2291F6D87FC1}.Debug|Any CPU.Build.0 = Debug|Any CPU
		{D631B005-3D5E-475E-B4A9-2291F6D87FC1}.Release|Any CPU.ActiveCfg = Release|Any CPU
		{D631B005-3D5E-475E-B4A9-2291F6D87FC1}.Release|Any CPU.Build.0 = Release|Any CPU
		{42F38A44-C70E-4333-A629-C5370F9E5467}.Debug|Any CPU.ActiveCfg = Debug|Any CPU
		{42F38A44-C70E-4333-A629-C5370F9E5467}.Debug|Any CPU.Build.0 = Debug|Any CPU
		{42F38A44-C70E-4333-A629-C5370F9E5467}.Release|Any CPU.ActiveCfg = Release|Any CPU
		{42F38A44-C70E-4333-A629-C5370F9E5467}.Release|Any CPU.Build.0 = Release|Any CPU
		{0FA8A21F-B568-6B8C-5A08-537011664BE1}.Debug|Any CPU.ActiveCfg = Debug|Any CPU
		{0FA8A21F-B568-6B8C-5A08-537011664BE1}.Debug|Any CPU.Build.0 = Debug|Any CPU
		{0FA8A21F-B568-6B8C-5A08-537011664BE1}.Release|Any CPU.ActiveCfg = Release|Any CPU
		{0FA8A21F-B568-6B8C-5A08-537011664BE1}.Release|Any CPU.Build.0 = Release|Any CPU
	EndGlobalSection
	GlobalSection(SolutionProperties) = preSolution
		HideSolutionNode = FALSE
	EndGlobalSection
EndGlobal
