
Microsoft Visual Studio Solution File, Format Version 12.00
# Visual Studio Version 17
VisualStudioVersion = 17.14.36301.6
MinimumVisualStudioVersion = 10.0.40219.1
Project("{2150E333-8FDC-42A3-9474-1A3956D46DE8}") = "Crawl", "Crawl", "{AD072733-442D-4320-8746-0A27BCA1A537}"
	ProjectSection(SolutionItems) = preProject
		Crawl\readme.txt = Crawl\readme.txt
		Crawl\todo.txt = Crawl\todo.txt
	EndProjectSection
EndProject
Project("{2150E333-8FDC-42A3-9474-1A3956D46DE8}") = "UI", "UI", "{698B19F0-03CF-4706-B963-07B8B7242CD8}"
EndProject
Project("{2150E333-8FDC-42A3-9474-1A3956D46DE8}") = "API", "API", "{2A42A175-5155-4A6C-ACFA-56F71E1FEDFE}"
EndProject
Project("{FAE04EC0-301F-11D3-BF4B-00C04F79EFBC}") = "LibrarianAgent", "Crawl\LibrarianAgent\LibrarianAgent.csproj", "{FE6ED5B8-F854-45E6-B253-F5B1C2EF6C0D}"
EndProject
Project("{FAE04EC0-301F-11D3-BF4B-00C04F79EFBC}") = "FileCrawler", "Crawl\FileCrawler\FileCrawler.csproj", "{0E458805-50C8-4953-95B0-6062906D28F4}"
EndProject
Project("{FAE04EC0-301F-11D3-BF4B-00C04F79EFBC}") = "CrawlerTest", "Crawl\CrawlerTest\CrawlerTest.csproj", "{C2A5E519-60AD-48E8-8803-B340679849C2}"
EndProject
Project("{FAE04EC0-301F-11D3-BF4B-00C04F79EFBC}") = "SendToLibrarian", "UI\SendToLibrarian\SendToLibrarian.csproj", "{5BD0C7CB-A804-48F3-A24B-BD17D54F664E}"
EndProject
Project("{FAE04EC0-301F-11D3-BF4B-00C04F79EFBC}") = "LibrarianAPI", "API\LibrarianAPI\LibrarianAPI.csproj", "{F3585F64-0505-40D6-90E9-928F3E676813}"
EndProject
Project("{FAE04EC0-301F-11D3-BF4B-00C04F79EFBC}") = "Librarian.FileViewer", "UI\Librarian.FileViewer\Librarian.FileViewer.csproj", "{1DA35011-E0DE-E640-49ED-B18DC03BEE8D}"
EndProject
Project("{2150E333-8FDC-42A3-9474-1A3956D46DE8}") = "Test", "Test", "{02EA681E-C7D8-13C7-8484-4AC65E1B71E8}"
EndProject
Project("{FAE04EC0-301F-11D3-BF4B-00C04F79EFBC}") = "TestSyncfusionBlazorCursor", "TestSyncfusionBlazorCursor\TestSyncfusionBlazorCursor.csproj", "{260E3C10-FAA3-4670-8F6B-B5BE20114300}"
EndProject
Project("{FAE04EC0-301F-11D3-BF4B-00C04F79EFBC}") = "TestSyncfusionBlazorGemini", "Test\TestSyncfusionBlazorGemini\TestSyncfusionBlazorGemini.csproj", "{9DA32E91-73D6-4396-B602-6EF7E92D3FE2}"
EndProject
Project("{FAE04EC0-301F-11D3-BF4B-00C04F79EFBC}") = "TestSyncfusionBlazorCopilot", "Test\TestSyncfusionBlazorCopilot\TestSyncfusionBlazorCopilot.csproj", "{5EAEC041-9661-4577-B768-0827D51102D9}"
EndProject
Project("{FAE04EC0-301F-11D3-BF4B-00C04F79EFBC}") = "SyncfusionBlazorManual", "Test\SyncfusionBlazorManual\SyncfusionBlazorManual.csproj", "{48849195-25FA-451D-BEA6-1A1EB287C4DC}"
EndProject
Global
	GlobalSection(SolutionConfigurationPlatforms) = preSolution
		Debug|Any CPU = Debug|Any CPU
		Release|Any CPU = Release|Any CPU
	EndGlobalSection
	GlobalSection(ProjectConfigurationPlatforms) = postSolution
		{FE6ED5B8-F854-45E6-B253-F5B1C2EF6C0D}.Debug|Any CPU.ActiveCfg = Debug|Any CPU
		{FE6ED5B8-F854-45E6-B253-F5B1C2EF6C0D}.Debug|Any CPU.Build.0 = Debug|Any CPU
		{FE6ED5B8-F854-45E6-B253-F5B1C2EF6C0D}.Release|Any CPU.ActiveCfg = Release|Any CPU
		{FE6ED5B8-F854-45E6-B253-F5B1C2EF6C0D}.Release|Any CPU.Build.0 = Release|Any CPU
		{0E458805-50C8-4953-95B0-6062906D28F4}.Debug|Any CPU.ActiveCfg = Debug|Any CPU
		{0E458805-50C8-4953-95B0-6062906D28F4}.Debug|Any CPU.Build.0 = Debug|Any CPU
		{0E458805-50C8-4953-95B0-6062906D28F4}.Release|Any CPU.ActiveCfg = Release|Any CPU
		{0E458805-50C8-4953-95B0-6062906D28F4}.Release|Any CPU.Build.0 = Release|Any CPU
		{C2A5E519-60AD-48E8-8803-B340679849C2}.Debug|Any CPU.ActiveCfg = Debug|Any CPU
		{C2A5E519-60AD-48E8-8803-B340679849C2}.Debug|Any CPU.Build.0 = Debug|Any CPU
		{C2A5E519-60AD-48E8-8803-B340679849C2}.Release|Any CPU.ActiveCfg = Release|Any CPU
		{C2A5E519-60AD-48E8-8803-B340679849C2}.Release|Any CPU.Build.0 = Release|Any CPU
		{5BD0C7CB-A804-48F3-A24B-BD17D54F664E}.Debug|Any CPU.ActiveCfg = Debug|Any CPU
		{5BD0C7CB-A804-48F3-A24B-BD17D54F664E}.Debug|Any CPU.Build.0 = Debug|Any CPU
		{5BD0C7CB-A804-48F3-A24B-BD17D54F664E}.Release|Any CPU.ActiveCfg = Release|Any CPU
		{5BD0C7CB-A804-48F3-A24B-BD17D54F664E}.Release|Any CPU.Build.0 = Release|Any CPU
		{F3585F64-0505-40D6-90E9-928F3E676813}.Debug|Any CPU.ActiveCfg = Debug|Any CPU
		{F3585F64-0505-40D6-90E9-928F3E676813}.Debug|Any CPU.Build.0 = Debug|Any CPU
		{F3585F64-0505-40D6-90E9-928F3E676813}.Release|Any CPU.ActiveCfg = Release|Any CPU
		{F3585F64-0505-40D6-90E9-928F3E676813}.Release|Any CPU.Build.0 = Release|Any CPU
		{1DA35011-E0DE-E640-49ED-B18DC03BEE8D}.Debug|Any CPU.ActiveCfg = Debug|Any CPU
		{1DA35011-E0DE-E640-49ED-B18DC03BEE8D}.Debug|Any CPU.Build.0 = Debug|Any CPU
		{1DA35011-E0DE-E640-49ED-B18DC03BEE8D}.Release|Any CPU.ActiveCfg = Release|Any CPU
		{1DA35011-E0DE-E640-49ED-B18DC03BEE8D}.Release|Any CPU.Build.0 = Release|Any CPU
		{260E3C10-FAA3-4670-8F6B-B5BE20114300}.Debug|Any CPU.ActiveCfg = Debug|Any CPU
		{260E3C10-FAA3-4670-8F6B-B5BE20114300}.Debug|Any CPU.Build.0 = Debug|Any CPU
		{260E3C10-FAA3-4670-8F6B-B5BE20114300}.Release|Any CPU.ActiveCfg = Release|Any CPU
		{260E3C10-FAA3-4670-8F6B-B5BE20114300}.Release|Any CPU.Build.0 = Release|Any CPU
		{9DA32E91-73D6-4396-B602-6EF7E92D3FE2}.Debug|Any CPU.ActiveCfg = Debug|Any CPU
		{9DA32E91-73D6-4396-B602-6EF7E92D3FE2}.Debug|Any CPU.Build.0 = Debug|Any CPU
		{9DA32E91-73D6-4396-B602-6EF7E92D3FE2}.Release|Any CPU.ActiveCfg = Release|Any CPU
		{9DA32E91-73D6-4396-B602-6EF7E92D3FE2}.Release|Any CPU.Build.0 = Release|Any CPU
		{5EAEC041-9661-4577-B768-0827D51102D9}.Debug|Any CPU.ActiveCfg = Debug|Any CPU
		{5EAEC041-9661-4577-B768-0827D51102D9}.Debug|Any CPU.Build.0 = Debug|Any CPU
		{5EAEC041-9661-4577-B768-0827D51102D9}.Release|Any CPU.ActiveCfg = Release|Any CPU
		{5EAEC041-9661-4577-B768-0827D51102D9}.Release|Any CPU.Build.0 = Release|Any CPU
		{48849195-25FA-451D-BEA6-1A1EB287C4DC}.Debug|Any CPU.ActiveCfg = Debug|Any CPU
		{48849195-25FA-451D-BEA6-1A1EB287C4DC}.Debug|Any CPU.Build.0 = Debug|Any CPU
		{48849195-25FA-451D-BEA6-1A1EB287C4DC}.Release|Any CPU.ActiveCfg = Release|Any CPU
		{48849195-25FA-451D-BEA6-1A1EB287C4DC}.Release|Any CPU.Build.0 = Release|Any CPU
	EndGlobalSection
	GlobalSection(SolutionProperties) = preSolution
		HideSolutionNode = FALSE
	EndGlobalSection
	GlobalSection(NestedProjects) = preSolution
		{FE6ED5B8-F854-45E6-B253-F5B1C2EF6C0D} = {AD072733-442D-4320-8746-0A27BCA1A537}
		{0E458805-50C8-4953-95B0-6062906D28F4} = {AD072733-442D-4320-8746-0A27BCA1A537}
		{C2A5E519-60AD-48E8-8803-B340679849C2} = {AD072733-442D-4320-8746-0A27BCA1A537}
		{5BD0C7CB-A804-48F3-A24B-BD17D54F664E} = {698B19F0-03CF-4706-B963-07B8B7242CD8}
		{F3585F64-0505-40D6-90E9-928F3E676813} = {2A42A175-5155-4A6C-ACFA-56F71E1FEDFE}
		{1DA35011-E0DE-E640-49ED-B18DC03BEE8D} = {698B19F0-03CF-4706-B963-07B8B7242CD8}
		{260E3C10-FAA3-4670-8F6B-B5BE20114300} = {02EA681E-C7D8-13C7-8484-4AC65E1B71E8}
		{9DA32E91-73D6-4396-B602-6EF7E92D3FE2} = {02EA681E-C7D8-13C7-8484-4AC65E1B71E8}
		{5EAEC041-9661-4577-B768-0827D51102D9} = {02EA681E-C7D8-13C7-8484-4AC65E1B71E8}
		{48849195-25FA-451D-BEA6-1A1EB287C4DC} = {02EA681E-C7D8-13C7-8484-4AC65E1B71E8}
	EndGlobalSection
	GlobalSection(ExtensibilityGlobals) = postSolution
		SolutionGuid = {161FDB27-BC68-4210-9618-A55AAA47CA50}
	EndGlobalSection
EndGlobal
