
Microsoft Visual Studio Solution File, Format Version 12.00
# Visual Studio Version 17
VisualStudioVersion = 17.10.35027.167
MinimumVisualStudioVersion = 10.0.40219.1
Project("{9A19103F-16F7-4668-BE54-9A1E7A4F7556}") = "POSScreen", "POSScreen.csproj", "{D30E22A8-0D2F-4158-85C5-E9679CB202C8}"
EndProject
Global
	GlobalSection(SolutionConfigurationPlatforms) = preSolution
		Debug|Any CPU = Debug|Any CPU
		Release|Any CPU = Release|Any CPU
	EndGlobalSection
	GlobalSection(ProjectConfigurationPlatforms) = postSolution
		{D30E22A8-0D2F-4158-85C5-E9679CB202C8}.Debug|Any CPU.ActiveCfg = Debug|Any CPU
		{D30E22A8-0D2F-4158-85C5-E9679CB202C8}.Debug|Any CPU.Build.0 = Debug|Any CPU
		{D30E22A8-0D2F-4158-85C5-E9679CB202C8}.Release|Any CPU.ActiveCfg = Release|Any CPU
		{D30E22A8-0D2F-4158-85C5-E9679CB202C8}.Release|Any CPU.Build.0 = Release|Any CPU
	EndGlobalSection
	GlobalSection(SolutionProperties) = preSolution
		HideSolutionNode = FALSE
	EndGlobalSection
	GlobalSection(ExtensibilityGlobals) = postSolution
		SolutionGuid = {07FA2EC8-DCBF-48C2-A222-F82772BA7E23}
	EndGlobalSection
EndGlobal
