
Microsoft Visual Studio Solution File, Format Version 12.00
# Visual Studio Version 17
VisualStudioVersion = 17.11.35219.272
MinimumVisualStudioVersion = 10.0.40219.1
Project("{FAE04EC0-301F-11D3-BF4B-00C04F79EFBC}") = "ParseAnthemFile", "ParseAnthemFile\ParseAnthemFile.csproj", "{BC2C2904-E0B8-4A66-881F-C89CCB37297F}"
EndProject
Global
	GlobalSection(SolutionConfigurationPlatforms) = preSolution
		Debug|Any CPU = Debug|Any CPU
		Release|Any CPU = Release|Any CPU
	EndGlobalSection
	GlobalSection(ProjectConfigurationPlatforms) = postSolution
		{BC2C2904-E0B8-4A66-881F-C89CCB37297F}.Debug|Any CPU.ActiveCfg = Debug|Any CPU
		{BC2C2904-E0B8-4A66-881F-C89CCB37297F}.Debug|Any CPU.Build.0 = Debug|Any CPU
		{BC2C2904-E0B8-4A66-881F-C89CCB37297F}.Release|Any CPU.ActiveCfg = Release|Any CPU
		{BC2C2904-E0B8-4A66-881F-C89CCB37297F}.Release|Any CPU.Build.0 = Release|Any CPU
	EndGlobalSection
	GlobalSection(SolutionProperties) = preSolution
		HideSolutionNode = FALSE
	EndGlobalSection
	GlobalSection(ExtensibilityGlobals) = postSolution
		SolutionGuid = {7BDAF567-E03A-450D-8BFB-9CEA1C94D905}
	EndGlobalSection
EndGlobal
