
Microsoft Visual Studio Solution File, Format Version 12.00
# Visual Studio Version 17
VisualStudioVersion = 17.10.35027.167
MinimumVisualStudioVersion = 10.0.40219.1
Project("{FAE04EC0-301F-11D3-BF4B-00C04F79EFBC}") = "StretchButtons", "StretchButtons.csproj", "{121C1203-10C1-420C-A456-4AEF8B4BE994}"
EndProject
Global
	GlobalSection(SolutionConfigurationPlatforms) = preSolution
		Debug|Any CPU = Debug|Any CPU
		Release|Any CPU = Release|Any CPU
	EndGlobalSection
	GlobalSection(ProjectConfigurationPlatforms) = postSolution
		{121C1203-10C1-420C-A456-4AEF8B4BE994}.Debug|Any CPU.ActiveCfg = Debug|Any CPU
		{121C1203-10C1-420C-A456-4AEF8B4BE994}.Debug|Any CPU.Build.0 = Debug|Any CPU
		{121C1203-10C1-420C-A456-4AEF8B4BE994}.Release|Any CPU.ActiveCfg = Release|Any CPU
		{121C1203-10C1-420C-A456-4AEF8B4BE994}.Release|Any CPU.Build.0 = Release|Any CPU
	EndGlobalSection
	GlobalSection(SolutionProperties) = preSolution
		HideSolutionNode = FALSE
	EndGlobalSection
	GlobalSection(ExtensibilityGlobals) = postSolution
		SolutionGuid = {F74A3F6A-28C2-4563-AAC9-DAF082EE0682}
	EndGlobalSection
EndGlobal
